sources:
  - repository: TechSpokes/skill-business-content-framework
    visibility: private
    revision: a195345eeb73f8862d32eb7ed87fd1663456f64a
    observed_at: 2026-07-29
    files:
      - path: src/SKILL.md
        sha256: 91f23ab644d1af57dbb18879ef2dede23d027a39d740e93b0123a5bf35c8bf32
      - path: src/references/workflow/goal-and-positioning.md
        sha256: 1856e5fbff1ca001b87055419151f824d6aeae6bd555429d8fd7bf3d74e18541
      - path: src/references/workflow/piece-construction.md
        sha256: 8018f4c3cc3175725ad0c5f28770f6b4813f8f9615a0a084d4967e52854e2a3e
      - path: src/references/test-fixtures/02-piece-brief-construction.md
        sha256: 31897dce14e9bf00b9b850f24e894088031bfd90e340a813432c54f2b5c74a1a
      - path: src/references/test-fixtures/04-underperformance-diagnostic.md
        sha256: 0462bed4a05995fbf7cbabd11cd4e7a7c1a845c2cd08e37056dade87c1a9a80b
  - repository: TechSpokes/skill-business-webpage-value-keywords
    visibility: private
    revision: 2fb81e8965667a8cd55535d959a2221c7e622a0b
    observed_at: 2026-07-29
    files:
      - path: src/SKILL.md
        sha256: 8fb12a770c2dc1dac3eb789280f1c6d243f7fbf864ffd1bd28e8ff10e8bc14b3
      - path: src/references/foundations.md
        sha256: e04f3f7482ce5b9eb08b1c6bd3f56d9c7c1a1d5ce298978cfd1f062c68bbb371
      - path: src/references/discovery.md
        sha256: d160e411d499c1e1b0f32176562e88f5d6563aac9054ee11f9f2d716cf7807fa
      - path: src/references/page-construction.md
        sha256: 456d6184611655dc9049fcf33dd6af63d0474483251bd201a9667f7d91288db3
      - path: src/references/data-and-iteration.md
        sha256: 7345eb37088d85c224e19d705d832dea5a7cde4e73e47f7255309a32916672e1
      - path: src/references/agent-pipeline.md
        sha256: d0d712694a5946a1e92d917beed51755305d0ea07db82371978f5968d2cd5ccd
  - repository: TechSpokes/skill-business-website-content
    visibility: private
    revision: 3cfa244819c1db0d97b7ecf98bd17dea4dba9353
    observed_at: 2026-07-29
    files:
      - path: src/SKILL.md
        sha256: d043ceaac135b2ade48e144b921e4b0cd402740477667664f1a82e586dd87ce5
      - path: src/references/mechanics.md
        sha256: 49646ece31d53b778d98ed8d5595a539135b10344424c2d4e3090b7f749f2abf
      - path: src/references/process.md
        sha256: cb9b19d303653ce451cda9a9ae8a8662bf54d1af1660334d5b8ccd071f3e815b
      - path: src/references/quality-control.md
        sha256: 353478b32ab5433b37ee0db6f8a01f870a03da1dba9bf6b9a02f66585a7750f1
duplicate_lineage:
  relationship: The five website-content files vendored by the value-keywords repository are byte-identical to the canonical website-content files at the locked revisions.
  independent_evidence_count: 1
  verified_pairs:
    - file: mechanics.md
      sha256: 49646ece31d53b778d98ed8d5595a539135b10344424c2d4e3090b7f749f2abf
    - file: process.md
      sha256: cb9b19d303653ce451cda9a9ae8a8662bf54d1af1660334d5b8ccd071f3e815b
    - file: quality-control.md
      sha256: 353478b32ab5433b37ee0db6f8a01f870a03da1dba9bf6b9a02f66585a7750f1
    - file: transfer-theory.md
      sha256: 1d3cc3de64da4fbd51052a2682717f1c78ee8c652cc8e78accd72b84d4472107
    - file: writing-practical.md
      sha256: 333beba7655bccf41606edc5e2d8fd70579ebbad02c15936dbde444971047b64
transformation:
  include:
    - content-quality diagnostic criteria
    - intervention decision criteria
    - downstream implementation inputs and acceptance checks
  exclude:
    - drafting instructions
    - prose and story techniques
    - channel production workflows
    - finished-copy examples
