source:
  repository: TechSpokes/seo-tools
  visibility: private
  revision: dc69e80e6cdd2043a50d312150088242aee4ebe7
  observed_at: 2026-07-29
  transformation: public-safe contract extraction
  notes:
    - ADR 0018 and ADR 0020 include local documentation changes recorded by their file hashes.
    - The revision identifies the base commit; file hashes identify the exact inspected worktree content.
files:
  - path: skills/seo-tools/SKILL.md
    sha256: 9fccb7a3b26057c25579ac9d3ada61ae2b787584efea4c6289014564cf786500
  - path: skills/seo-tools/references/recipes.md
    sha256: a3be8e650f83546c3a94a87a3888fd0ecaae295781eed0fa972304c6da9dd72f
  - path: skills/seo-tools/references/tool-selection.md
    sha256: 83de5f4f4fcf5020b0e8b1bfbc8b6ab0bb1f70f37e85e5f2a58df4c35cd729fe
  - path: skills/seo-tools/references/toolset-discovery.md
    sha256: 8f8929a7a84946722e6d3c4de9b286033cffb3c0ca94e12295fd28cd74bd471e
  - path: skills/seo-tools/references/troubleshooting.md
    sha256: 786a05b24da085440f472c55f2a73f28d2c378d4e39d09d244c3b8f0c1659f2d
  - path: skills/seo-tools/references/resources.md
    sha256: 7dbfac65c6c4a1905891a2b1ea03cf2179f7cd359306ea00434b1a370ab683ed
  - path: skills/seo-tools/references/envelope.md
    sha256: 51327d6ad11c701a07ae0e5a3789723e7a4d2aac0189a76c8a68e1735135fde4
  - path: skills/seo-tools/references/errors.md
    sha256: 9f09b457471a3f24381aea8c35c42ef59016dfe5d2cdcab4a76f12b655cd2f88
  - path: recipes.yaml
    sha256: 16ba64fdd4fe45a306f823ac60f4fd106cc8ea6fee8ebc6909ba9cac9e862dc3
  - path: recipes.schema.json
    sha256: 10372f6c252a05070459477d7cd139962fa76f8e21aeed842eb74b972047c22d
  - path: src/recipes/loader.ts
    sha256: d7fc346c9a10c62d423d2862731ed3d9150be2225a675ff39e57096c3152a5a3
  - path: src/recipes/handlers.ts
    sha256: f084e97326e64f8ca35f6a84b7ac7623b4075dbab14ccb567993d1eed65842e7
  - path: src/meta/handlers.ts
    sha256: 7c6e0bbaf41ce1fac405f6ab4f3521b163dc3ee9d0db1b60b802e3821a8b15a2
  - path: docs/architecture/decisions/0018-client-executed-seo-recipes.md
    sha256: 1791a6b109fb4ea439303bc334fd02901c6a684b555f310365ade60acc7c1fea
  - path: docs/architecture/decisions/0020-external-recipe-catalog-and-runtime-eligibility.md
    sha256: 5e8529c0995e050e4ca77cc8db685553b6a552bde475dea4813bbef3605a6fa4
